
Microsoft Visual Studio Solution File, Format Version 12.00
# Visual Studio Version 16
VisualStudioVersion = 25.0.1705.3
MinimumVisualStudioVersion = 10.0.40219.1
Project("{FAE04EC0-301F-11D3-BF4B-00C04F79EFBC}") = "ConsoleAppfirstProject", "ConsoleAppfirstProject\ConsoleAppfirstProject.csproj", "{32838203-022E-4D27-B6E9-1B9A280901EC}"
EndProject
Global
	GlobalSection(SolutionConfigurationPlatforms) = preSolution
		Debug|Any CPU = Debug|Any CPU
		Release|Any CPU = Release|Any CPU
	EndGlobalSection
	GlobalSection(ProjectConfigurationPlatforms) = postSolution
		{32838203-022E-4D27-B6E9-1B9A280901EC}.Debug|Any CPU.ActiveCfg = Debug|Any CPU
		{32838203-022E-4D27-B6E9-1B9A280901EC}.Debug|Any CPU.Build.0 = Debug|Any CPU
		{32838203-022E-4D27-B6E9-1B9A280901EC}.Release|Any CPU.ActiveCfg = Release|Any CPU
		{32838203-022E-4D27-B6E9-1B9A280901EC}.Release|Any CPU.Build.0 = Release|Any CPU
	EndGlobalSection
	GlobalSection(SolutionProperties) = preSolution
		HideSolutionNode = FALSE
	EndGlobalSection
	GlobalSection(ExtensibilityGlobals) = postSolution
		SolutionGuid = {A43FBC4D-EE62-423A-AFAA-3E5412785E73}
	EndGlobalSection
EndGlobal
